{
  "version": 1,
  "dependencies": {
    "net10.0": {
      "Cronos": {
        "type": "Direct",
        "requested": "[0.8.3, )",
        "resolved": "0.8.3",
        "contentHash": "lep1gKd68dBEt7isLnnHadJHwUlhctMd+gYGMk3p8eOT9dIfw6fXJFkreYBQ8dIXm23S01ilHgpk2ttou5Wvtw=="
      },
      "LibLog": {
        "type": "Direct",
        "requested": "[1.5.0, )",
        "resolved": "1.5.0",
        "contentHash": "0bNoz50GPHYnS3fv/qTS2dFBeYgoppM1t//gWULGxY/TM5TNxxknUWqOqzE8eZgLIa2ENfIwzumvbeWFnx14rg=="
      },
      "Microsoft.CSharp": {
        "type": "Direct",
        "requested": "[4.4.0, )",
        "resolved": "4.4.0",
        "contentHash": "vvVR/B08YVghQ4jHEloxqw2ZWzEGE1AOA5E0DioUM3ujbXz6FD3AfB/0Jl2ohJPd0nXYGwmPe1En6HTsSriq1A=="
      },
      "MoreLinq.Source.MoreEnumerable.Pairwise": {
        "type": "Direct",
        "requested": "[1.0.1, )",
        "resolved": "1.0.1",
        "contentHash": "N1bmYqxItSwixZ72KJ/V4e3mEnIO5AtMcmjtilqe+Ulp4GpSje9DP+1Cv4j01s3uG4h7P4G1axUEODL1yWB5Og=="
      },
      "Newtonsoft.Json": {
        "type": "Direct",
        "requested": "[11.0.1, )",
        "resolved": "11.0.1",
        "contentHash": "pNN4l+J6LlpIvHOeNdXlwxv39NPJ2B5klz+Rd2UQZIx30Squ5oND1Yy3wEAUoKn0GPUj6Yxt9lxlYWQqfZcvKg=="
      },
      "StackTraceFormatter.Source": {
        "type": "Direct",
        "requested": "[1.1.0, )",
        "resolved": "1.1.0",
        "contentHash": "69Zxg50Sm1kq9hvxPgEo0w9li8oiD2qVT87GGsqXJP2vfYs33LVKGHRMSP2Z4iTP3UC0PJTeurCeWY2t7X/76Q==",
        "dependencies": {
          "MoreLinq.Source.MoreEnumerable.Pairwise": "[1.0.1, 2.0.0)",
          "StackTraceParser.Source": "[1.2.0, 2.0.0)"
        }
      },
      "StackTraceParser.Source": {
        "type": "Direct",
        "requested": "[1.3.0, )",
        "resolved": "1.3.0",
        "contentHash": "tOdf1XpHE2YQJpBERplZA2kMTJQtJnKzSc7GMO/yeNNGuXNueVqySfIr/gfU1vx9k2FO8u0zD4mtnZGwKQM+Zg=="
      }
    }
  }
}