<Solution>
    <Configurations>
        <Platform Name="arm64" />
        <Platform Name="x64" />
        <Platform Name="x86" />
    </Configurations>
    <Folder Name="/.github/">
        <File Path=".github/CODEOWNERS" />
        <File Path=".github/CONTRIBUTING.md" />
        <File Path=".github/copilot-instructions.md" />
        <File Path=".github/dependabot.yml" />
        <File Path=".github/labeler-config.yml" />
        <File Path=".github/PULL_REQUEST_TEMPLATE.md" />
    </Folder>
    <Folder Name="/.github/ISSUE_TEMPLATE/">
        <File Path=".github/ISSUE_TEMPLATE/bug_report_en.md" />
        <File Path=".github/ISSUE_TEMPLATE/bug_report_zh.md" />
        <File Path=".github/ISSUE_TEMPLATE/config.yml" />
        <File Path=".github/ISSUE_TEMPLATE/feature_request_en.md" />
        <File Path=".github/ISSUE_TEMPLATE/feature_request_zh.md" />
    </Folder>
    <Folder Name="/.github/workflows/">
        <File Path=".github/workflows/labeler.yml" />
    </Folder>
    <Folder Name="/.Solution Items/"></Folder>
    <Folder Name="/Assets/">
        <File Path="Assets/Aurora Application.ico" />
        <File Path="Assets/Aurora Application.png" />
    </Folder>
    <Folder Name="/Documents/" />
    <Folder Name="/Sources/" />
    <Folder Name="/Sources/AuroraStruct3D/">
        <Project Path="Sources/AuroraStruct3D/AuroraStruct3D.Application.Contracts/AuroraStruct3D.Application.Contracts.csproj">
            <Platform Solution="*|arm64" Project="arm64" />
            <Platform Solution="*|x64" Project="x64" />
            <Platform Solution="*|x86" Project="x86" />
        </Project>
        <Project Path="Sources/AuroraStruct3D/AuroraStruct3D.Application/AuroraStruct3D.Application.csproj">
            <Platform Solution="*|arm64" Project="arm64" />
            <Platform Solution="*|x64" Project="x64" />
            <Platform Solution="*|x86" Project="x86" />
        </Project>
        <Project Path="Sources/AuroraStruct3D/AuroraStruct3D.DbMigrator/AuroraStruct3D.DbMigrator.csproj">
            <Platform Solution="*|arm64" Project="arm64" />
            <Platform Solution="*|x64" Project="x64" />
            <Platform Solution="*|x86" Project="x86" />
        </Project>
        <Project Path="Sources/AuroraStruct3D/AuroraStruct3D.Domain.Shared/AuroraStruct3D.Domain.Shared.csproj">
            <Platform Solution="*|arm64" Project="arm64" />
            <Platform Solution="*|x64" Project="x64" />
            <Platform Solution="*|x86" Project="x86" />
        </Project>
        <Project Path="Sources/AuroraStruct3D/AuroraStruct3D.Domain/AuroraStruct3D.Domain.csproj">
            <Platform Solution="*|arm64" Project="arm64" />
            <Platform Solution="*|x64" Project="x64" />
            <Platform Solution="*|x86" Project="x86" />
        </Project>
        <Project Path="Sources/AuroraStruct3D/AuroraStruct3D.EntityFrameworkCore/AuroraStruct3D.EntityFrameworkCore.csproj">
            <Platform Solution="*|arm64" Project="arm64" />
            <Platform Solution="*|x64" Project="x64" />
            <Platform Solution="*|x86" Project="x86" />
        </Project>
        <Project Path="Sources/AuroraStruct3D/AuroraStruct3D.HttpApi.Client/AuroraStruct3D.HttpApi.Client.csproj">
            <Platform Solution="*|arm64" Project="arm64" />
            <Platform Solution="*|x64" Project="x64" />
            <Platform Solution="*|x86" Project="x86" />
        </Project>
        <Project Path="Sources/AuroraStruct3D/AuroraStruct3D.HttpApi.Host/AuroraStruct3D.HttpApi.Host.csproj">
            <Platform Solution="*|arm64" Project="arm64" />
            <Platform Solution="*|x64" Project="x64" />
            <Platform Solution="*|x86" Project="x86" />
        </Project>
        <Project Path="Sources/AuroraStruct3D/AuroraStruct3D.HttpApi/AuroraStruct3D.HttpApi.csproj">
            <Platform Solution="*|arm64" Project="arm64" />
            <Platform Solution="*|x64" Project="x64" />
            <Platform Solution="*|x86" Project="x86" />
        </Project>
        <Project Path="Sources/AuroraStruct3D/AuroraStruct3D.WebGateway/AuroraStruct3D.WebGateway.csproj">
            <Platform Solution="*|arm64" Project="arm64" />
            <Platform Solution="*|x64" Project="x64" />
            <Platform Solution="*|x86" Project="x86" />
        </Project>
    </Folder>
    <Folder Name="/Tests/" />
    <Folder Name="/Tests/AuroraStruct3D/">
        <Project Path="Tests/AuroraStruct3D/AuroraStruct3D.Application.Tests/AuroraStruct3D.Application.Tests.csproj">
            <Platform Solution="*|arm64" Project="arm64" />
            <Platform Solution="*|x64" Project="x64" />
            <Platform Solution="*|x86" Project="x86" />
        </Project>
        <Project Path="Tests/AuroraStruct3D/AuroraStruct3D.Domain.Tests/AuroraStruct3D.Domain.Tests.csproj">
            <Platform Solution="*|arm64" Project="arm64" />
            <Platform Solution="*|x64" Project="x64" />
            <Platform Solution="*|x86" Project="x86" />
        </Project>
        <Project Path="Tests/AuroraStruct3D/AuroraStruct3D.EntityFrameworkCore.Tests/AuroraStruct3D.EntityFrameworkCore.Tests.csproj">
            <Platform Solution="*|arm64" Project="arm64" />
            <Platform Solution="*|x64" Project="x64" />
            <Platform Solution="*|x86" Project="x86" />
        </Project>
        <Project Path="Tests/AuroraStruct3D/AuroraStruct3D.HttpApi.Client.ConsoleTestApp/AuroraStruct3D.HttpApi.Client.ConsoleTestApp.csproj">
            <Platform Solution="*|arm64" Project="arm64" />
            <Platform Solution="*|x64" Project="x64" />
            <Platform Solution="*|x86" Project="x86" />
        </Project>
        <Project Path="Tests/AuroraStruct3D/AuroraStruct3D.TestBase/AuroraStruct3D.TestBase.csproj">
            <Platform Solution="*|arm64" Project="arm64" />
            <Platform Solution="*|x64" Project="x64" />
            <Platform Solution="*|x86" Project="x86" />
        </Project>
    </Folder>
    <Folder Name="/Tools/" />
    <Folder Name="/Tools/CSharpTools/"></Folder>
    <Folder Name="/Tools/PythonTools/"></Folder>
</Solution>
